
Microsoft Visual Studio Solution File, Format Version 12.00
# Visual Studio Version 16
VisualStudioVersion = 16.0.30204.135
MinimumVisualStudioVersion = 10.0.40219.1
Project("{FAE04EC0-301F-11D3-BF4B-00C04F79EFBC}") = "Dead Rush", "Dead Rush\Dead Rush.csproj", "{29A8DE44-468F-4C36-951C-88AC18EBBDE0}"
EndProject
Global
	GlobalSection(SolutionConfigurationPlatforms) = preSolution
		Debug|Any CPU = Debug|Any CPU
		Release|Any CPU = Release|Any CPU
	EndGlobalSection
	GlobalSection(ProjectConfigurationPlatforms) = postSolution
		{29A8DE44-468F-4C36-951C-88AC18EBBDE0}.Debug|Any CPU.ActiveCfg = Debug|Any CPU
		{29A8DE44-468F-4C36-951C-88AC18EBBDE0}.Debug|Any CPU.Build.0 = Debug|Any CPU
		{29A8DE44-468F-4C36-951C-88AC18EBBDE0}.Release|Any CPU.ActiveCfg = Release|Any CPU
		{29A8DE44-468F-4C36-951C-88AC18EBBDE0}.Release|Any CPU.Build.0 = Release|Any CPU
	EndGlobalSection
	GlobalSection(SolutionProperties) = preSolution
		HideSolutionNode = FALSE
	EndGlobalSection
	GlobalSection(ExtensibilityGlobals) = postSolution
		SolutionGuid = {DE54D02D-A3A4-470E-864C-BD50B93225EB}
	EndGlobalSection
EndGlobal
